schema: '2.0'
stages:
  data_ingestion:
    cmd: python proj2/src/data_ingestion.py
    deps:
    - path: proj2/src/data_ingestion.py
      hash: md5
      md5: 156add4784cf74af6a52d136fba61905
      size: 3609
    params:
      params.yaml:
        data_ingestion.test_size: 0.25
    outs:
    - path: proj2/data/raw
      hash: md5
      md5: ea483c1ec6438ed134abbb077e6bf258.dir
      size: 479272
      nfiles: 2
  data_preprocessing:
    cmd: python proj2/src/data_preprocessing.py
    deps:
    - path: proj2/data/raw
      hash: md5
      md5: ea483c1ec6438ed134abbb077e6bf258.dir
      size: 479272
      nfiles: 2
    - path: proj2/src/data_preprocessing.py
      hash: md5
      md5: fd46798c5be615983ce7708edc63ef7d
      size: 3551
    outs:
    - path: proj2/data/interim
      hash: md5
      md5: c101c05da7d2c3c01faa316de93a39ac.dir
      size: 256164
      nfiles: 2
  feature_engineering:
    cmd: python proj2/src/feature_engineering.py
    deps:
    - path: proj2/data/interim
      hash: md5
      md5: c101c05da7d2c3c01faa316de93a39ac.dir
      size: 256164
      nfiles: 2
    - path: proj2/src/feature_engineering.py
      hash: md5
      md5: 5c50b9e9dc2da3a281b8154b3a0ea0b7
      size: 3703
    params:
      params.yaml:
        feature_engineering.max_features: 10
    outs:
    - path: proj2/data/processed
      hash: md5
      md5: 540113ae42b42f20c1554ccaba0d4c78.dir
      size: 242446
      nfiles: 2
  model_building:
    cmd: python proj2/src/model_training.py
    deps:
    - path: proj2/data/processed
      hash: md5
      md5: 540113ae42b42f20c1554ccaba0d4c78.dir
      size: 242446
      nfiles: 2
    - path: proj2/src/model_training.py
      hash: md5
      md5: 25976bf67316ed955653bed074b705d3
      size: 3885
    params:
      params.yaml:
        model_building.n_estimators: 20
        model_building.random_state: 42
    outs:
    - path: models/model.pkl
      hash: md5
      md5: 92b397c5755edb5a710e40a95b2b93bd
      size: 157486
  model_evaluation:
    cmd: python proj2/src/model_evaluation.py
    deps:
    - path: models/model.pkl
      hash: md5
      md5: 92b397c5755edb5a710e40a95b2b93bd
      size: 157486
    - path: proj2/src/model_evaluation.py
      hash: md5
      md5: 7156f4957ebd44df9915c9e5eba3b715
      size: 4683
    outs:
    - path: proj2/reports/metrics.json
      hash: md5
      md5: 14ea98e6aeb710963a4e5cd73086daaf
      size: 141
